
Microsoft Visual Studio Solution File, Format Version 12.00
# Visual Studio Version 16
VisualStudioVersion = 16.0.28803.202
MinimumVisualStudioVersion = 10.0.40219.1
Project("{9A19103F-16F7-4668-BE54-9A1E7A4F7556}") = "APIA", "src\APIA\APIA.csproj", "{489C0F74-B597-4B25-A592-ED3F331609D3}"
EndProject
Global
	GlobalSection(SolutionConfigurationPlatforms) = preSolution
		Debug|Any CPU = Debug|Any CPU
		Release|Any CPU = Release|Any CPU
	EndGlobalSection
	GlobalSection(ProjectConfigurationPlatforms) = postSolution
		{489C0F74-B597-4B25-A592-ED3F331609D3}.Debug|Any CPU.ActiveCfg = Debug|Any CPU
		{489C0F74-B597-4B25-A592-ED3F331609D3}.Debug|Any CPU.Build.0 = Debug|Any CPU
		{489C0F74-B597-4B25-A592-ED3F331609D3}.Release|Any CPU.ActiveCfg = Release|Any CPU
		{489C0F74-B597-4B25-A592-ED3F331609D3}.Release|Any CPU.Build.0 = Release|Any CPU
	EndGlobalSection
	GlobalSection(SolutionProperties) = preSolution
		HideSolutionNode = FALSE
	EndGlobalSection
	GlobalSection(ExtensibilityGlobals) = postSolution
		SolutionGuid = {2999F1A5-F26A-4935-9BE1-E07B09E757D0}
	EndGlobalSection
EndGlobal
